<Solution>
  <Folder Name="/src/">
    <Project Path="src/Jaunty/Jaunty.csproj" />
    <Project Path="src/Jaunty.Scaffolding/Jaunty.Scaffolding.csproj" />
    <Project Path="src/Jaunty.Scaffolding.Cli/Jaunty.Scaffolding.Cli.csproj" />
  </Folder>
  <Folder Name="/tests/">
    <Project Path="tests/Jaunty.Tests/Jaunty.Tests.csproj" />
  </Folder>
</Solution>
